<?xml version="1.0" encoding="utf-8"?>
<Project ToolsVersion="4.0" xmlns="http://schemas.microsoft.com/developer/msbuild/2003">
  <ItemGroup>
    <Filter Include="源文件">
      <UniqueIdentifier>{4FC737F1-C7A5-4376-A066-2A32D752A2FF}</UniqueIdentifier>
      <Extensions>cpp;c;cc;cxx;def;odl;idl;hpj;bat;asm;asmx</Extensions>
    </Filter>
    <Filter Include="头文件">
      <UniqueIdentifier>{93995380-89BD-4b04-88EB-625FBE52EBFB}</UniqueIdentifier>
      <Extensions>h;hpp;hxx;hm;inl;inc;xsd</Extensions>
    </Filter>
    <Filter Include="资源文件">
      <UniqueIdentifier>{67DA6AB6-F800-4c08-8B7A-83BB121AAD01}</UniqueIdentifier>
      <Extensions>rc;ico;cur;bmp;dlg;rc2;rct;bin;rgs;gif;jpg;jpeg;jpe;resx;tiff;tif;png;wav;mfcribbon-ms</Extensions>
    </Filter>
  </ItemGroup>
  <ItemGroup>
    <None Include="ReadMe.txt" />
    <None Include="res\buttons.bmp">
      <Filter>资源文件</Filter>
    </None>
    <None Include="res\filelarge.bmp">
      <Filter>资源文件</Filter>
    </None>
    <None Include="res\filesmall.bmp">
      <Filter>资源文件</Filter>
    </None>
    <None Include="res\main.bmp">
      <Filter>资源文件</Filter>
    </None>
    <None Include="res\writelarge.bmp">
      <Filter>资源文件</Filter>
    </None>
    <None Include="res\writesmall.bmp">
      <Filter>资源文件</Filter>
    </None>
    <None Include="res\ribbon.mfcribbon-ms">
      <Filter>资源文件</Filter>
    </None>
    <None Include="res\Client.rc2">
      <Filter>资源文件</Filter>
    </None>
    <None Include="res\ClientDoc.ico">
      <Filter>资源文件</Filter>
    </None>
    <None Include="res\Client.ico">
      <Filter>资源文件</Filter>
    </None>
    <None Include="res\Toolbar.bmp">
      <Filter>资源文件</Filter>
    </None>
    <None Include="res\Toolbar256.bmp">
      <Filter>资源文件</Filter>
    </None>
    <None Include="res\标注.cur">
      <Filter>资源文件</Filter>
    </None>
    <None Include="res\放大.cur">
      <Filter>资源文件</Filter>
    </None>
    <None Include="res\缩小.cur">
      <Filter>资源文件</Filter>
    </None>
    <None Include="res\移动.cur">
      <Filter>资源文件</Filter>
    </None>
    <None Include="res\plot.ico">
      <Filter>资源文件</Filter>
    </None>
    <None Include="res\标注.ico">
      <Filter>资源文件</Filter>
    </None>
    <None Include="res\差谱.ico">
      <Filter>资源文件</Filter>
    </None>
    <None Include="res\放大.ico">
      <Filter>资源文件</Filter>
    </None>
    <None Include="res\基线校正.ico">
      <Filter>资源文件</Filter>
    </None>
    <None Include="res\缩小.ico">
      <Filter>资源文件</Filter>
    </None>
    <None Include="res\透过率.ico">
      <Filter>资源文件</Filter>
    </None>
    <None Include="res\吸光度.ico">
      <Filter>资源文件</Filter>
    </None>
    <None Include="res\选择.ico">
      <Filter>资源文件</Filter>
    </None>
    <None Include="res\移动.ico">
      <Filter>资源文件</Filter>
    </None>
    <None Include="res\main.ico">
      <Filter>资源文件</Filter>
    </None>
    <None Include="res\华科.bmp">
      <Filter>资源文件</Filter>
    </None>
  </ItemGroup>
  <ItemGroup>
    <ClInclude Include="Client.h">
      <Filter>头文件</Filter>
    </ClInclude>
    <ClInclude Include="stdafx.h">
      <Filter>头文件</Filter>
    </ClInclude>
    <ClInclude Include="targetver.h">
      <Filter>头文件</Filter>
    </ClInclude>
    <ClInclude Include="MainFrm.h">
      <Filter>头文件</Filter>
    </ClInclude>
    <ClInclude Include="ClientDoc.h">
      <Filter>头文件</Filter>
    </ClInclude>
    <ClInclude Include="ClientView.h">
      <Filter>头文件</Filter>
    </ClInclude>
    <ClInclude Include="Resource.h">
      <Filter>头文件</Filter>
    </ClInclude>
    <ClInclude Include="UserLoginDlg.h">
      <Filter>头文件</Filter>
    </ClInclude>
    <ClInclude Include="AddSpecToAnaInfo.h">
      <Filter>头文件</Filter>
    </ClInclude>
    <ClInclude Include="AlcoholTypeIndex.h">
      <Filter>头文件</Filter>
    </ClInclude>
    <ClInclude Include="BrandTypeIndex.h">
      <Filter>头文件</Filter>
    </ClInclude>
    <ClInclude Include="FlavourTypeIndex.h">
      <Filter>头文件</Filter>
    </ClInclude>
    <ClInclude Include="WineTypeIndex.h">
      <Filter>头文件</Filter>
    </ClInclude>
    <ClInclude Include="AnalasisDlg.h">
      <Filter>头文件</Filter>
    </ClInclude>
    <ClInclude Include="ProjectInfoWriteDlg.h">
      <Filter>头文件</Filter>
    </ClInclude>
    <ClInclude Include="ProjectInfoConfirmDlg.h">
      <Filter>头文件</Filter>
    </ClInclude>
    <ClInclude Include="unzip.h">
      <Filter>头文件</Filter>
    </ClInclude>
    <ClInclude Include="zip.h">
      <Filter>头文件</Filter>
    </ClInclude>
    <ClInclude Include="ZipImplement.h">
      <Filter>头文件</Filter>
    </ClInclude>
    <ClInclude Include="ExcelOperator.h">
      <Filter>头文件</Filter>
    </ClInclude>
    <ClInclude Include="CWorksheet.h">
      <Filter>头文件</Filter>
    </ClInclude>
    <ClInclude Include="CWorkbooks.h">
      <Filter>头文件</Filter>
    </ClInclude>
    <ClInclude Include="CWorksheets.h">
      <Filter>头文件</Filter>
    </ClInclude>
    <ClInclude Include="CWorkbook.h">
      <Filter>头文件</Filter>
    </ClInclude>
    <ClInclude Include="UserManage.h">
      <Filter>头文件</Filter>
    </ClInclude>
    <ClInclude Include="ProjectSendProgressDlg.h">
      <Filter>头文件</Filter>
    </ClInclude>
    <ClInclude Include="CApplication.h">
      <Filter>头文件</Filter>
    </ClInclude>
    <ClInclude Include="CRange.h">
      <Filter>头文件</Filter>
    </ClInclude>
    <ClInclude Include="ClusterAnalysis.h">
      <Filter>头文件</Filter>
    </ClInclude>
    <ClInclude Include="ClusterChart.h">
      <Filter>头文件</Filter>
    </ClInclude>
    <ClInclude Include="CurveObj.h">
      <Filter>头文件</Filter>
    </ClInclude>
    <ClInclude Include="DataPoint.h">
      <Filter>头文件</Filter>
    </ClInclude>
    <ClInclude Include="Matrix.h">
      <Filter>头文件</Filter>
    </ClInclude>
    <ClInclude Include="WaveletAnalasis.h">
      <Filter>头文件</Filter>
    </ClInclude>
    <ClInclude Include="CSVOperator.h">
      <Filter>头文件</Filter>
    </ClInclude>
    <ClInclude Include="StringParser.h">
      <Filter>头文件</Filter>
    </ClInclude>
    <ClInclude Include="ImplementFunc.h">
      <Filter>头文件</Filter>
    </ClInclude>
    <ClInclude Include="SpectrumCompareDlg.h">
      <Filter>头文件</Filter>
    </ClInclude>
    <ClInclude Include="SelectSpecFromLibDlg.h">
      <Filter>头文件</Filter>
    </ClInclude>
    <ClInclude Include="TrueWineLib.h">
      <Filter>头文件</Filter>
    </ClInclude>
    <ClInclude Include="PCASettingDlg.h">
      <Filter>头文件</Filter>
    </ClInclude>
    <ClInclude Include="PCAResettingDlg.h">
      <Filter>头文件</Filter>
    </ClInclude>
    <ClInclude Include="PCADlg.h">
      <Filter>头文件</Filter>
    </ClInclude>
    <ClInclude Include="DiffSettingDlg.h">
      <Filter>头文件</Filter>
    </ClInclude>
    <ClInclude Include="SmoothSettingDlg.h">
      <Filter>头文件</Filter>
    </ClInclude>
    <ClInclude Include="WdenSettingDlg.h">
      <Filter>头文件</Filter>
    </ClInclude>
    <ClInclude Include="ClusterSettingDlg.h">
      <Filter>头文件</Filter>
    </ClInclude>
    <ClInclude Include="SpecPretrSettingDlg.h">
      <Filter>头文件</Filter>
    </ClInclude>
    <ClInclude Include="ClusterDlg.h">
      <Filter>头文件</Filter>
    </ClInclude>
    <ClInclude Include="FakeWineLib.h">
      <Filter>头文件</Filter>
    </ClInclude>
    <ClInclude Include="PCAChart.h">
      <Filter>头文件</Filter>
    </ClInclude>
    <ClInclude Include="PrintFrame.h">
      <Filter>头文件</Filter>
    </ClInclude>
    <ClInclude Include="PrintPreviewView.h">
      <Filter>头文件</Filter>
    </ClInclude>
    <ClInclude Include="PrintView.h">
      <Filter>头文件</Filter>
    </ClInclude>
    <ClInclude Include="Chart.h">
      <Filter>头文件</Filter>
    </ClInclude>
    <ClInclude Include="CFont0.h">
      <Filter>头文件</Filter>
    </ClInclude>
    <ClInclude Include="SkinPPWTL.h">
      <Filter>头文件</Filter>
    </ClInclude>
    <ClInclude Include="BCMenu.h">
      <Filter>头文件</Filter>
    </ClInclude>
    <ClInclude Include="BtnST.h">
      <Filter>头文件</Filter>
    </ClInclude>
    <ClInclude Include="CeXDib.h">
      <Filter>头文件</Filter>
    </ClInclude>
    <ClInclude Include="ShadeButtonST.h">
      <Filter>头文件</Filter>
    </ClInclude>
    <ClInclude Include="LoginingDlg.h">
      <Filter>头文件</Filter>
    </ClInclude>
    <ClInclude Include="shockwaveflash.h">
      <Filter>头文件</Filter>
    </ClInclude>
  </ItemGroup>
  <ItemGroup>
    <ClCompile Include="Client.cpp">
      <Filter>源文件</Filter>
    </ClCompile>
    <ClCompile Include="stdafx.cpp">
      <Filter>源文件</Filter>
    </ClCompile>
    <ClCompile Include="MainFrm.cpp">
      <Filter>源文件</Filter>
    </ClCompile>
    <ClCompile Include="ClientDoc.cpp">
      <Filter>源文件</Filter>
    </ClCompile>
    <ClCompile Include="ClientView.cpp">
      <Filter>源文件</Filter>
    </ClCompile>
    <ClCompile Include="UserLoginDlg.cpp">
      <Filter>源文件</Filter>
    </ClCompile>
    <ClCompile Include="AddSpecToAnaInfo.cpp">
      <Filter>源文件</Filter>
    </ClCompile>
    <ClCompile Include="AlcoholTypeIndex.cpp">
      <Filter>源文件</Filter>
    </ClCompile>
    <ClCompile Include="BrandTypeIndex.cpp">
      <Filter>源文件</Filter>
    </ClCompile>
    <ClCompile Include="FlavourTypeIndex.cpp">
      <Filter>源文件</Filter>
    </ClCompile>
    <ClCompile Include="WineTypeIndex.cpp">
      <Filter>源文件</Filter>
    </ClCompile>
    <ClCompile Include="AnalasisDlg.cpp">
      <Filter>源文件</Filter>
    </ClCompile>
    <ClCompile Include="ProjectInfoWriteDlg.cpp">
      <Filter>源文件</Filter>
    </ClCompile>
    <ClCompile Include="ProjectInfoConfirmDlg.cpp">
      <Filter>源文件</Filter>
    </ClCompile>
    <ClCompile Include="ZipImplement.cpp">
      <Filter>源文件</Filter>
    </ClCompile>
    <ClCompile Include="ExcelOperator.cpp">
      <Filter>源文件</Filter>
    </ClCompile>
    <ClCompile Include="UserManage.cpp">
      <Filter>源文件</Filter>
    </ClCompile>
    <ClCompile Include="ProjectSendProgressDlg.cpp">
      <Filter>源文件</Filter>
    </ClCompile>
    <ClCompile Include="unzip.cpp">
      <Filter>源文件</Filter>
    </ClCompile>
    <ClCompile Include="zip.cpp">
      <Filter>源文件</Filter>
    </ClCompile>
    <ClCompile Include="ClusterAnalysis.cpp">
      <Filter>源文件</Filter>
    </ClCompile>
    <ClCompile Include="ClusterChart.cpp">
      <Filter>源文件</Filter>
    </ClCompile>
    <ClCompile Include="CurveObj.cpp">
      <Filter>源文件</Filter>
    </ClCompile>
    <ClCompile Include="DataPoint.cpp">
      <Filter>源文件</Filter>
    </ClCompile>
    <ClCompile Include="Matrix.cpp">
      <Filter>源文件</Filter>
    </ClCompile>
    <ClCompile Include="PCAChart.cpp">
      <Filter>源文件</Filter>
    </ClCompile>
    <ClCompile Include="WaveletAnalasis.cpp">
      <Filter>源文件</Filter>
    </ClCompile>
    <ClCompile Include="CSVOperator.cpp">
      <Filter>源文件</Filter>
    </ClCompile>
    <ClCompile Include="ImplementFunc.cpp">
      <Filter>源文件</Filter>
    </ClCompile>
    <ClCompile Include="SpectrumCompareDlg.cpp">
      <Filter>源文件</Filter>
    </ClCompile>
    <ClCompile Include="SelectSpecFromLibDlg.cpp">
      <Filter>源文件</Filter>
    </ClCompile>
    <ClCompile Include="TrueWineLib.cpp">
      <Filter>源文件</Filter>
    </ClCompile>
    <ClCompile Include="PCASettingDlg.cpp">
      <Filter>源文件</Filter>
    </ClCompile>
    <ClCompile Include="PCAResettingDlg.cpp">
      <Filter>源文件</Filter>
    </ClCompile>
    <ClCompile Include="PCADlg.cpp">
      <Filter>源文件</Filter>
    </ClCompile>
    <ClCompile Include="DiffSettingDlg.cpp">
      <Filter>源文件</Filter>
    </ClCompile>
    <ClCompile Include="SmoothSettingDlg.cpp">
      <Filter>源文件</Filter>
    </ClCompile>
    <ClCompile Include="WdenSettingDlg.cpp">
      <Filter>源文件</Filter>
    </ClCompile>
    <ClCompile Include="ClusterSettingDlg.cpp">
      <Filter>源文件</Filter>
    </ClCompile>
    <ClCompile Include="SpecPretrSettingDlg.cpp">
      <Filter>源文件</Filter>
    </ClCompile>
    <ClCompile Include="ClusterDlg.cpp">
      <Filter>源文件</Filter>
    </ClCompile>
    <ClCompile Include="FakeWineLib.cpp">
      <Filter>源文件</Filter>
    </ClCompile>
    <ClCompile Include="PrintFrame.cpp">
      <Filter>源文件</Filter>
    </ClCompile>
    <ClCompile Include="PrintPreviewView.cpp">
      <Filter>源文件</Filter>
    </ClCompile>
    <ClCompile Include="PrintView.cpp">
      <Filter>源文件</Filter>
    </ClCompile>
    <ClCompile Include="Chart.cpp">
      <Filter>源文件</Filter>
    </ClCompile>
    <ClCompile Include="BCMenu.cpp">
      <Filter>源文件</Filter>
    </ClCompile>
    <ClCompile Include="BtnST.cpp">
      <Filter>源文件</Filter>
    </ClCompile>
    <ClCompile Include="CeXDib.cpp">
      <Filter>源文件</Filter>
    </ClCompile>
    <ClCompile Include="ShadeButtonST.cpp">
      <Filter>源文件</Filter>
    </ClCompile>
    <ClCompile Include="LoginingDlg.cpp">
      <Filter>源文件</Filter>
    </ClCompile>
    <ClCompile Include="shockwaveflash.cpp">
      <Filter>源文件</Filter>
    </ClCompile>
  </ItemGroup>
  <ItemGroup>
    <ResourceCompile Include="Client.rc">
      <Filter>资源文件</Filter>
    </ResourceCompile>
  </ItemGroup>
  <ItemGroup>
    <Library Include="sqlite3.lib" />
  </ItemGroup>
</Project>